
Microsoft Visual Studio Solution File, Format Version 12.00
# Visual Studio 15
Project("{FAE04EC0-301F-11D3-BF4B-00C04F79EFBC}") = "Dan", "Dan.csproj", "{4DAEFC2C-DAEA-6203-D9D7-4B0A638A5FD2}"
EndProject
Project("{FAE04EC0-301F-11D3-BF4B-00C04F79EFBC}") = "Assembly-CSharp", "Assembly-CSharp.csproj", "{FADC3052-F200-D5D2-9729-293868651064}"
EndProject
Project("{FAE04EC0-301F-11D3-BF4B-00C04F79EFBC}") = "LeaderboardCreatorEditor", "LeaderboardCreatorEditor.csproj", "{92FB1808-A062-AE86-0843-386C4C0DC059}"
EndProject
Global
	GlobalSection(SolutionConfigurationPlatforms) = preSolution
		Debug|Any CPU = Debug|Any CPU
		Release|Any CPU = Release|Any CPU
	EndGlobalSection
	GlobalSection(ProjectConfigurationPlatforms) = postSolution
		{4DAEFC2C-DAEA-6203-D9D7-4B0A638A5FD2}.Debug|Any CPU.ActiveCfg = Debug|Any CPU
		{4DAEFC2C-DAEA-6203-D9D7-4B0A638A5FD2}.Debug|Any CPU.Build.0 = Debug|Any CPU
		{4DAEFC2C-DAEA-6203-D9D7-4B0A638A5FD2}.Release|Any CPU.ActiveCfg = Release|Any CPU
		{4DAEFC2C-DAEA-6203-D9D7-4B0A638A5FD2}.Release|Any CPU.Build.0 = Release|Any CPU
		{FADC3052-F200-D5D2-9729-293868651064}.Debug|Any CPU.ActiveCfg = Debug|Any CPU
		{FADC3052-F200-D5D2-9729-293868651064}.Debug|Any CPU.Build.0 = Debug|Any CPU
		{FADC3052-F200-D5D2-9729-293868651064}.Release|Any CPU.ActiveCfg = Release|Any CPU
		{FADC3052-F200-D5D2-9729-293868651064}.Release|Any CPU.Build.0 = Release|Any CPU
		{92FB1808-A062-AE86-0843-386C4C0DC059}.Debug|Any CPU.ActiveCfg = Debug|Any CPU
		{92FB1808-A062-AE86-0843-386C4C0DC059}.Debug|Any CPU.Build.0 = Debug|Any CPU
		{92FB1808-A062-AE86-0843-386C4C0DC059}.Release|Any CPU.ActiveCfg = Release|Any CPU
		{92FB1808-A062-AE86-0843-386C4C0DC059}.Release|Any CPU.Build.0 = Release|Any CPU
	EndGlobalSection
	GlobalSection(SolutionProperties) = preSolution
		HideSolutionNode = FALSE
	EndGlobalSection
EndGlobal
